
Microsoft Visual Studio Solution File, Format Version 12.00
# Visual Studio Version 16
VisualStudioVersion = 16.0.31624.102
MinimumVisualStudioVersion = 10.0.40219.1
Project("{FAE04EC0-301F-11D3-BF4B-00C04F79EFBC}") = "Lab2RoomCalc", "Lab2RoomCalc.csproj", "{4514489D-B76A-4531-AFDE-9CC758A7ACC0}"
EndProject
Global
	GlobalSection(SolutionConfigurationPlatforms) = preSolution
		Debug|Any CPU = Debug|Any CPU
		Release|Any CPU = Release|Any CPU
	EndGlobalSection
	GlobalSection(ProjectConfigurationPlatforms) = postSolution
		{4514489D-B76A-4531-AFDE-9CC758A7ACC0}.Debug|Any CPU.ActiveCfg = Debug|Any CPU
		{4514489D-B76A-4531-AFDE-9CC758A7ACC0}.Debug|Any CPU.Build.0 = Debug|Any CPU
		{4514489D-B76A-4531-AFDE-9CC758A7ACC0}.Release|Any CPU.ActiveCfg = Release|Any CPU
		{4514489D-B76A-4531-AFDE-9CC758A7ACC0}.Release|Any CPU.Build.0 = Release|Any CPU
	EndGlobalSection
	GlobalSection(SolutionProperties) = preSolution
		HideSolutionNode = FALSE
	EndGlobalSection
	GlobalSection(ExtensibilityGlobals) = postSolution
		SolutionGuid = {93F3FBA3-9BFD-456E-8F5C-E66387288BE8}
	EndGlobalSection
EndGlobal
